
Microsoft Visual Studio Solution File, Format Version 12.00
# Visual Studio Version 17
VisualStudioVersion = 17.14.36518.9
MinimumVisualStudioVersion = 10.0.40219.1
Project("{FAE04EC0-301F-11D3-BF4B-00C04F79EFBC}") = "CP1.Api", "CP1.Api\CP1.Api.csproj", "{3652D8B2-D757-4DAE-BCA6-5DF3F617C5F4}"
EndProject
Project("{FAE04EC0-301F-11D3-BF4B-00C04F79EFBC}") = "CP1.Mvc", "CP1.Mvc\CP1.Mvc.csproj", "{1BB9B669-E19D-4B6D-900C-AFA418D5E7D6}"
EndProject
Project("{FAE04EC0-301F-11D3-BF4B-00C04F79EFBC}") = "CP1.MinimalApi", "CP1.MinimalApi\CP1.MinimalApi.csproj", "{587793E9-1883-4C83-A0BB-F402250079E2}"
EndProject
Project("{FAE04EC0-301F-11D3-BF4B-00C04F79EFBC}") = "CP1.Data", "CP1.Data\CP1.Data.csproj", "{C6FACEDB-5C76-4A9A-85C6-2F89AD023133}"
EndProject
Project("{FAE04EC0-301F-11D3-BF4B-00C04F79EFBC}") = "CP1.Architecture", "CP1.Architecture\CP1.Architecture.csproj", "{489AB659-8F1B-4149-BDB5-C04A356DC369}"
EndProject
Project("{FAE04EC0-301F-11D3-BF4B-00C04F79EFBC}") = "CP1.Core", "CP1.Core\CP1.Core.csproj", "{92BD668D-EC4C-42F5-BA51-495C0923CC7B}"
EndProject
Project("{FAE04EC0-301F-11D3-BF4B-00C04F79EFBC}") = "CP1.Models", "CP1.Models\CP1.Models.csproj", "{B7022276-2917-4934-9FA2-C2E9AC880B1A}"
EndProject
Global
	GlobalSection(SolutionConfigurationPlatforms) = preSolution
		Debug|Any CPU = Debug|Any CPU
		Release|Any CPU = Release|Any CPU
	EndGlobalSection
	GlobalSection(ProjectConfigurationPlatforms) = postSolution
		{3652D8B2-D757-4DAE-BCA6-5DF3F617C5F4}.Debug|Any CPU.ActiveCfg = Debug|Any CPU
		{3652D8B2-D757-4DAE-BCA6-5DF3F617C5F4}.Debug|Any CPU.Build.0 = Debug|Any CPU
		{3652D8B2-D757-4DAE-BCA6-5DF3F617C5F4}.Release|Any CPU.ActiveCfg = Release|Any CPU
		{3652D8B2-D757-4DAE-BCA6-5DF3F617C5F4}.Release|Any CPU.Build.0 = Release|Any CPU
		{1BB9B669-E19D-4B6D-900C-AFA418D5E7D6}.Debug|Any CPU.ActiveCfg = Debug|Any CPU
		{1BB9B669-E19D-4B6D-900C-AFA418D5E7D6}.Debug|Any CPU.Build.0 = Debug|Any CPU
		{1BB9B669-E19D-4B6D-900C-AFA418D5E7D6}.Release|Any CPU.ActiveCfg = Release|Any CPU
		{1BB9B669-E19D-4B6D-900C-AFA418D5E7D6}.Release|Any CPU.Build.0 = Release|Any CPU
		{587793E9-1883-4C83-A0BB-F402250079E2}.Debug|Any CPU.ActiveCfg = Debug|Any CPU
		{587793E9-1883-4C83-A0BB-F402250079E2}.Debug|Any CPU.Build.0 = Debug|Any CPU
		{587793E9-1883-4C83-A0BB-F402250079E2}.Release|Any CPU.ActiveCfg = Release|Any CPU
		{587793E9-1883-4C83-A0BB-F402250079E2}.Release|Any CPU.Build.0 = Release|Any CPU
		{C6FACEDB-5C76-4A9A-85C6-2F89AD023133}.Debug|Any CPU.ActiveCfg = Debug|Any CPU
		{C6FACEDB-5C76-4A9A-85C6-2F89AD023133}.Debug|Any CPU.Build.0 = Debug|Any CPU
		{C6FACEDB-5C76-4A9A-85C6-2F89AD023133}.Release|Any CPU.ActiveCfg = Release|Any CPU
		{C6FACEDB-5C76-4A9A-85C6-2F89AD023133}.Release|Any CPU.Build.0 = Release|Any CPU
		{489AB659-8F1B-4149-BDB5-C04A356DC369}.Debug|Any CPU.ActiveCfg = Debug|Any CPU
		{489AB659-8F1B-4149-BDB5-C04A356DC369}.Debug|Any CPU.Build.0 = Debug|Any CPU
		{489AB659-8F1B-4149-BDB5-C04A356DC369}.Release|Any CPU.ActiveCfg = Release|Any CPU
		{489AB659-8F1B-4149-BDB5-C04A356DC369}.Release|Any CPU.Build.0 = Release|Any CPU
		{92BD668D-EC4C-42F5-BA51-495C0923CC7B}.Debug|Any CPU.ActiveCfg = Debug|Any CPU
		{92BD668D-EC4C-42F5-BA51-495C0923CC7B}.Debug|Any CPU.Build.0 = Debug|Any CPU
		{92BD668D-EC4C-42F5-BA51-495C0923CC7B}.Release|Any CPU.ActiveCfg = Release|Any CPU
		{92BD668D-EC4C-42F5-BA51-495C0923CC7B}.Release|Any CPU.Build.0 = Release|Any CPU
		{B7022276-2917-4934-9FA2-C2E9AC880B1A}.Debug|Any CPU.ActiveCfg = Debug|Any CPU
		{B7022276-2917-4934-9FA2-C2E9AC880B1A}.Debug|Any CPU.Build.0 = Debug|Any CPU
		{B7022276-2917-4934-9FA2-C2E9AC880B1A}.Release|Any CPU.ActiveCfg = Release|Any CPU
		{B7022276-2917-4934-9FA2-C2E9AC880B1A}.Release|Any CPU.Build.0 = Release|Any CPU
	EndGlobalSection
	GlobalSection(SolutionProperties) = preSolution
		HideSolutionNode = FALSE
	EndGlobalSection
	GlobalSection(ExtensibilityGlobals) = postSolution
		SolutionGuid = {E9E5F4C9-6FA6-403C-84BC-2CB97A0DF801}
	EndGlobalSection
EndGlobal
